<Solution>
    <Folder Name="/Solution Items/">
        <File Path=".editorconfig" />
        <File Path=".gitattributes" />
        <File Path=".gitignore" />
        <File Path="Directory.Build.props" />
        <File Path="Directory.Packages.props" />
        <File Path="global.json" />
        <File Path="LICENSE" />
        <File Path="README.md" />
    </Folder>
    <Folder Name="/src/">
        <Project Path="src/Dtls.NET/Dtls.NET.csproj" />
    </Folder>
    <Folder Name="/samples/">
        <Project Path="samples/Dtls.NET.Smoke/Dtls.NET.Smoke.csproj" />
    </Folder>
    <Folder Name="/tests/">
        <Project Path="tests/Dtls.NET.Tests/Dtls.NET.Tests.csproj" />
    </Folder>
</Solution>
